{
  "name": "bff-eval",
  "version": "0.1.2",
  "lockfileVersion": 3,
  "requires": true,
  "packages": {
    "": {
      "name": "bff-eval",
      "version": "0.1.2",
      "license": "MIT",
      "bin": {
        "bff-eval": "bin/bff-eval.js"
      },
      "devDependencies": {},
      "engines": {
        "node": ">=22.0.0"
      }
    },
    "../bolt-foundry/npm": {
      "name": "@bolt-foundry/bolt-foundry",
      "version": "0.1.1",
      "extraneous": true,
      "license": "MIT",
      "dependencies": {
        "@deno/shim-deno": "~0.18.0"
      },
      "devDependencies": {
        "@types/node": "^20.9.0"
      },
      "engines": {
        "node": ">=22.0.0"
      }
    }
  }
}
