# This file is generated by running "yarn install" inside your project.
# Manual changes might be lost - proceed with caution!

__metadata:
  version: 8
  cacheKey: 10c0

"@types/fs-extra@npm:>=11":
  version: 11.0.4
  resolution: "@types/fs-extra@npm:11.0.4"
  dependencies:
    "@types/jsonfile": "npm:*"
    "@types/node": "npm:*"
  checksum: 10c0/9e34f9b24ea464f3c0b18c3f8a82aefc36dc524cc720fc2b886e5465abc66486ff4e439ea3fb2c0acebf91f6d3f74e514f9983b1f02d4243706bdbb7511796ad
  languageName: node
  linkType: hard

"@types/jsonfile@npm:*":
  version: 6.1.4
  resolution: "@types/jsonfile@npm:6.1.4"
  dependencies:
    "@types/node": "npm:*"
  checksum: 10c0/b12d068b021e4078f6ac4441353965769be87acf15326173e2aea9f3bf8ead41bd0ad29421df5bbeb0123ec3fc02eb0a734481d52903704a1454a1845896b9eb
  languageName: node
  linkType: hard

"@types/node@npm:*, @types/node@npm:>=20":
  version: 22.1.0
  resolution: "@types/node@npm:22.1.0"
  dependencies:
    undici-types: "npm:~6.13.0"
  checksum: 10c0/553dafcb842b889c036d43b390d464e8ffcf3ca455ddd5b1a1ef98396381eafbeb0c112a15cc6bf9662b72bc25fc45efc4b6f604760e1e84c410f1b7936c488b
  languageName: node
  linkType: hard

"bf-vcscut-tools@workspace:.":
  version: 0.0.0-use.local
  resolution: "bf-vcscut-tools@workspace:."
  dependencies:
    zx: "npm:^8.1.5"
  languageName: unknown
  linkType: soft

"undici-types@npm:~6.13.0":
  version: 6.13.0
  resolution: "undici-types@npm:6.13.0"
  checksum: 10c0/2de55181f569c77a4f08063f8bf2722fcbb6ea312a26a9e927bd1f5ea5cf3a281c5ddf23155061db083e0a25838f54813543ff13b0ac34d230d5c1205ead66c1
  languageName: node
  linkType: hard

"zx@npm:^8.1.5":
  version: 8.1.5
  resolution: "zx@npm:8.1.5"
  dependencies:
    "@types/fs-extra": "npm:>=11"
    "@types/node": "npm:>=20"
  dependenciesMeta:
    "@types/fs-extra":
      optional: true
    "@types/node":
      optional: true
  bin:
    zx: build/cli.js
  checksum: 10c0/9b525dcd703d708d249844d00359aadf0be6e8ba0d128d8aee28aa00ffc78a91b94bc2155f53c4c7e8831624bae17014bde3033a33b5e12139e163c3c3603dea
  languageName: node
  linkType: hard
