name: Terraform Force Unlock

on:
  workflow_dispatch:

jobs:
  force-unlock:
    runs-on: ubuntu-latest
    permissions:
      contents: read
      packages: write
      id-token: write
    steps:
      - uses: actions/checkout@v4

      - name: Setup Terraform
        uses: hashicorp/setup-terraform@v3

      - name: Force unlock Terraform state
        run: |
          cd infra/terraform/hetzner
          echo "🔍 Initializing Terraform backend..."
          terraform init -backend-config="endpoint=${{ secrets.S3_ENDPOINT }}" -no-color

          echo "🔍 Checking for locks..."
          terraform force-unlock -force $(date +%s) 2>/dev/null || echo "No locks found or unlock failed - this is normal"

          echo "🔍 Listing workspace and showing state..."
          terraform workspace list || echo "No workspaces"
          terraform show -no-color || echo "No state found"

          echo "✅ Force unlock completed"
        env:
          AWS_ACCESS_KEY_ID: ${{ secrets.AWS_ACCESS_KEY_ID }}
          AWS_SECRET_ACCESS_KEY: ${{ secrets.AWS_SECRET_ACCESS_KEY }}
